
Microsoft Visual Studio Solution File, Format Version 12.00
# Visual Studio 15
VisualStudioVersion = 15.0.28307.1705
MinimumVisualStudioVersion = 10.0.40219.1
Project("{8BC9CEB8-8B4A-11D0-8D11-00A0C91BC942}") = "Original3DGame", "Original3DGame.vcxproj", "{CC9AEEB5-E843-41C8-B6FA-E26025305B21}"
EndProject
Global
	GlobalSection(SolutionConfigurationPlatforms) = preSolution
		Debug|x64 = Debug|x64
		Debug|x86 = Debug|x86
		Release|x64 = Release|x64
		Release|x86 = Release|x86
	EndGlobalSection
	GlobalSection(ProjectConfigurationPlatforms) = postSolution
		{CC9AEEB5-E843-41C8-B6FA-E26025305B21}.Debug|x64.ActiveCfg = Debug|x64
		{CC9AEEB5-E843-41C8-B6FA-E26025305B21}.Debug|x64.Build.0 = Debug|x64
		{CC9AEEB5-E843-41C8-B6FA-E26025305B21}.Debug|x86.ActiveCfg = Debug|Win32
		{CC9AEEB5-E843-41C8-B6FA-E26025305B21}.Debug|x86.Build.0 = Debug|Win32
		{CC9AEEB5-E843-41C8-B6FA-E26025305B21}.Release|x64.ActiveCfg = Release|x64
		{CC9AEEB5-E843-41C8-B6FA-E26025305B21}.Release|x64.Build.0 = Release|x64
		{CC9AEEB5-E843-41C8-B6FA-E26025305B21}.Release|x86.ActiveCfg = Release|Win32
		{CC9AEEB5-E843-41C8-B6FA-E26025305B21}.Release|x86.Build.0 = Release|Win32
	EndGlobalSection
	GlobalSection(SolutionProperties) = preSolution
		HideSolutionNode = FALSE
	EndGlobalSection
	GlobalSection(ExtensibilityGlobals) = postSolution
		SolutionGuid = {D454A2EE-EEC3-4BC6-91F5-4BDE6037B220}
	EndGlobalSection
EndGlobal
