<?xml version="1.0" encoding="utf-8"?>
<Project ToolsVersion="4.0" xmlns="http://schemas.microsoft.com/developer/msbuild/2003">
  <ItemGroup>
    <Filter Include="ソース ファイル">
      <UniqueIdentifier>{4FC737F1-C7A5-4376-A066-2A32D752A2FF}</UniqueIdentifier>
      <Extensions>cpp;c;cc;cxx;def;odl;idl;hpj;bat;asm;asmx</Extensions>
    </Filter>
    <Filter Include="ヘッダー ファイル">
      <UniqueIdentifier>{93995380-89BD-4b04-88EB-625FBE52EBFB}</UniqueIdentifier>
      <Extensions>h;hh;hpp;hxx;hm;inl;inc;ipp;xsd</Extensions>
    </Filter>
    <Filter Include="リソース ファイル">
      <UniqueIdentifier>{67DA6AB6-F800-4c08-8B7A-83BB121AAD01}</UniqueIdentifier>
      <Extensions>rc;ico;cur;bmp;dlg;rc2;rct;bin;rgs;gif;jpg;jpeg;jpe;resx;tiff;tif;png;wav;mfcribbon-ms</Extensions>
    </Filter>
    <Filter Include="ソース ファイル\game">
      <UniqueIdentifier>{ebf0f340-f3dc-45b2-8ecd-5a5f85caa37d}</UniqueIdentifier>
    </Filter>
    <Filter Include="ソース ファイル\system">
      <UniqueIdentifier>{37fe7f44-6afd-4f3f-8477-a4f58c5776fd}</UniqueIdentifier>
    </Filter>
    <Filter Include="ソース ファイル\system\windows">
      <UniqueIdentifier>{112853c6-dc87-4179-9ea0-63080bb7da4a}</UniqueIdentifier>
    </Filter>
    <Filter Include="ソース ファイル\system\imgui">
      <UniqueIdentifier>{93afd029-1f44-4ff8-9f05-cf7a5616aea0}</UniqueIdentifier>
    </Filter>
    <Filter Include="ソース ファイル\system\dx11">
      <UniqueIdentifier>{d4403686-e5b7-44b1-a6e4-76f5d6eed669}</UniqueIdentifier>
    </Filter>
    <Filter Include="ソース ファイル\system\dx11\util">
      <UniqueIdentifier>{9236ac18-968a-4817-9649-b17896600138}</UniqueIdentifier>
    </Filter>
    <Filter Include="ソース ファイル\game\gameobject">
      <UniqueIdentifier>{e88bac44-1b47-46f0-995c-d4568d3d80f8}</UniqueIdentifier>
    </Filter>
    <Filter Include="ソース ファイル\system\model">
      <UniqueIdentifier>{6c3214eb-fff4-4677-a023-8d16c24137bd}</UniqueIdentifier>
    </Filter>
    <Filter Include="ソース ファイル\system\util">
      <UniqueIdentifier>{7f5dc70a-9663-4f75-b695-cc6b26e23ae4}</UniqueIdentifier>
    </Filter>
    <Filter Include="ソース ファイル\game\manager">
      <UniqueIdentifier>{34ed5088-b589-4f46-835b-b0a7f9fc916f}</UniqueIdentifier>
    </Filter>
    <Filter Include="ソース ファイル\system\billboard">
      <UniqueIdentifier>{2ad7711f-954d-4730-b8a1-8e332a6ad079}</UniqueIdentifier>
    </Filter>
    <Filter Include="ソース ファイル\game\scene">
      <UniqueIdentifier>{1abcacf5-80b0-4bd5-bd36-7cf8a7a808d5}</UniqueIdentifier>
    </Filter>
    <Filter Include="ソース ファイル\game\scene\maingame">
      <UniqueIdentifier>{f1266976-3df3-417c-a01a-a1791cd6206c}</UniqueIdentifier>
    </Filter>
    <Filter Include="ソース ファイル\game\gameobject\skydome">
      <UniqueIdentifier>{8b306820-b461-45c3-b57e-d1e2c15103d9}</UniqueIdentifier>
    </Filter>
    <Filter Include="ソース ファイル\game\gameobject\player">
      <UniqueIdentifier>{4df01ec3-5215-42a8-b46e-0f8d5a2e2399}</UniqueIdentifier>
    </Filter>
    <Filter Include="ソース ファイル\game\scene\title">
      <UniqueIdentifier>{494fe833-3fe9-44f5-9aca-e52f356570e8}</UniqueIdentifier>
    </Filter>
    <Filter Include="ソース ファイル\system\texture">
      <UniqueIdentifier>{8ed53634-b49a-47e4-9db4-df0c8e7a0015}</UniqueIdentifier>
    </Filter>
    <Filter Include="ソース ファイル\game\gameobject\util">
      <UniqueIdentifier>{7dec68df-f2af-4741-b8d0-a820ed0a7795}</UniqueIdentifier>
    </Filter>
    <Filter Include="ソース ファイル\game\gameobject\dice">
      <UniqueIdentifier>{ff6f6cdc-02bc-459f-aae9-da3c531b61f2}</UniqueIdentifier>
    </Filter>
    <Filter Include="ソース ファイル\game\data">
      <UniqueIdentifier>{46c4faa1-7293-4ac6-a2b3-828507cd5ce2}</UniqueIdentifier>
    </Filter>
    <Filter Include="ソース ファイル\game\component">
      <UniqueIdentifier>{7eebec67-83f2-486a-bc56-c55687c4130b}</UniqueIdentifier>
    </Filter>
    <Filter Include="ソース ファイル\game\component\collision">
      <UniqueIdentifier>{43b5d054-c190-4997-bc80-bbfd26b827e4}</UniqueIdentifier>
    </Filter>
    <Filter Include="ソース ファイル\game\component\draw">
      <UniqueIdentifier>{c925b7e8-2de2-4419-879e-47b5ed255760}</UniqueIdentifier>
    </Filter>
    <Filter Include="ソース ファイル\game\component\draw\model">
      <UniqueIdentifier>{55c4da22-f145-4cbc-b123-c4f00e72bd2d}</UniqueIdentifier>
    </Filter>
    <Filter Include="ソース ファイル\game\manager\collision">
      <UniqueIdentifier>{5838286f-fcdf-44e4-85f1-c640cfba476e}</UniqueIdentifier>
    </Filter>
    <Filter Include="ソース ファイル\game\manager\dice">
      <UniqueIdentifier>{fa2ac29c-763a-424b-9837-2c29b5ed44ba}</UniqueIdentifier>
    </Filter>
    <Filter Include="ソース ファイル\game\manager\scene">
      <UniqueIdentifier>{93fbf689-c2d1-44de-9733-12e20728a1ec}</UniqueIdentifier>
    </Filter>
    <Filter Include="ソース ファイル\game\manager\not used">
      <UniqueIdentifier>{8da5b57a-034e-4015-866b-cbe259cc65ff}</UniqueIdentifier>
    </Filter>
    <Filter Include="ソース ファイル\game\manager\stage">
      <UniqueIdentifier>{69bf4d7d-31bd-4ff3-8687-bc385448a1b9}</UniqueIdentifier>
    </Filter>
    <Filter Include="ソース ファイル\game\gameobject\stage">
      <UniqueIdentifier>{498f6ac7-8290-4d56-8715-fbcc922458cf}</UniqueIdentifier>
    </Filter>
    <Filter Include="ソース ファイル\game\manager\game">
      <UniqueIdentifier>{e4efe162-cf26-4ce5-bc02-95a4617514a3}</UniqueIdentifier>
    </Filter>
    <Filter Include="ソース ファイル\game\gameobject\camera">
      <UniqueIdentifier>{3eb226dc-5dd8-4b2a-a978-881ed6534489}</UniqueIdentifier>
    </Filter>
    <Filter Include="ソース ファイル\game\state">
      <UniqueIdentifier>{20a5849b-c6fb-4f0d-8a0b-6354cde63573}</UniqueIdentifier>
    </Filter>
    <Filter Include="ソース ファイル\game\component\controller">
      <UniqueIdentifier>{d36026fa-10f1-4d1d-8fbb-50ee6a654012}</UniqueIdentifier>
    </Filter>
    <Filter Include="ソース ファイル\game\state\player">
      <UniqueIdentifier>{3a9e13ad-b0d0-4c54-8f8a-486e651447fa}</UniqueIdentifier>
    </Filter>
    <Filter Include="ソース ファイル\game\state\player\move">
      <UniqueIdentifier>{580531c0-f6f4-4380-ba11-923f2d9254d1}</UniqueIdentifier>
    </Filter>
    <Filter Include="ソース ファイル\game\state\player\push">
      <UniqueIdentifier>{63a96438-2dbb-487a-b81e-413d8f4aa441}</UniqueIdentifier>
    </Filter>
    <Filter Include="ソース ファイル\game\state\player\roll">
      <UniqueIdentifier>{6c454c18-5c8d-4611-bdc1-0a10cf2b2887}</UniqueIdentifier>
    </Filter>
    <Filter Include="ソース ファイル\game\state\dice">
      <UniqueIdentifier>{b4669fa8-a2e8-48c7-bc32-fb31c998155d}</UniqueIdentifier>
    </Filter>
    <Filter Include="ソース ファイル\game\component\draw\billbord">
      <UniqueIdentifier>{b7b01440-90a0-4cf4-b9a8-4f356ca9aa3f}</UniqueIdentifier>
    </Filter>
    <Filter Include="ソース ファイル\game\component\draw\quad2d">
      <UniqueIdentifier>{40ed87d9-b6a6-4791-80e0-93fb0cb38a1f}</UniqueIdentifier>
    </Filter>
    <Filter Include="ソース ファイル\game\gameobject\ui">
      <UniqueIdentifier>{faac4e45-3e45-481e-be0f-62a9b44a5383}</UniqueIdentifier>
    </Filter>
    <Filter Include="ソース ファイル\game\gameobject\ui\button">
      <UniqueIdentifier>{2abbea24-625d-42a1-bd75-5f36d38be9a0}</UniqueIdentifier>
    </Filter>
    <Filter Include="ソース ファイル\game\gameobject\ui\image">
      <UniqueIdentifier>{ad6eba5c-c04a-489f-b789-e45b09b0a866}</UniqueIdentifier>
    </Filter>
    <Filter Include="ソース ファイル\game\gameobject\effect">
      <UniqueIdentifier>{9a7446f8-c4f6-494f-906f-16a974c583e2}</UniqueIdentifier>
    </Filter>
    <Filter Include="ソース ファイル\game\component\ui">
      <UniqueIdentifier>{e5874deb-0ced-4a4d-8378-514ab52abaff}</UniqueIdentifier>
    </Filter>
    <Filter Include="ソース ファイル\game\component\ui\layout">
      <UniqueIdentifier>{9ca07aa4-dc80-46d0-9459-e42750d790f4}</UniqueIdentifier>
    </Filter>
    <Filter Include="ソース ファイル\game\component\ui\easing">
      <UniqueIdentifier>{e1ff4d0a-6d21-4499-8825-a1c0035609f8}</UniqueIdentifier>
    </Filter>
    <Filter Include="ソース ファイル\game\gameobject\ui\pause">
      <UniqueIdentifier>{f61b9cb5-15e9-4e76-97a3-f966b7a3afcc}</UniqueIdentifier>
    </Filter>
    <Filter Include="ソース ファイル\game\gameobject\ui\pause\puzzle">
      <UniqueIdentifier>{87c764f4-7af3-428b-821b-4832b0d69d0b}</UniqueIdentifier>
    </Filter>
    <Filter Include="ソース ファイル\game\gameobject\ui\pause\endless">
      <UniqueIdentifier>{1e308866-0ae6-49e7-bf42-f57e5de05087}</UniqueIdentifier>
    </Filter>
    <Filter Include="ソース ファイル\game\component\ui\animation">
      <UniqueIdentifier>{186be355-e8de-4355-b114-e541d6afa833}</UniqueIdentifier>
    </Filter>
    <Filter Include="ソース ファイル\game\manager\input">
      <UniqueIdentifier>{ee634d27-daff-4496-9152-c2baceafe5ef}</UniqueIdentifier>
    </Filter>
    <Filter Include="ソース ファイル\game\gameobject\ui\fade">
      <UniqueIdentifier>{06eb0d3f-b9c3-4249-a4d7-bce0142674e3}</UniqueIdentifier>
    </Filter>
    <Filter Include="ソース ファイル\game\gameobject\access">
      <UniqueIdentifier>{7a9be914-9816-4461-9657-06cf7590e0df}</UniqueIdentifier>
    </Filter>
    <Filter Include="ソース ファイル\game\manager\draw">
      <UniqueIdentifier>{8b20ded5-fa63-4b8b-9839-916a156fdbc4}</UniqueIdentifier>
    </Filter>
    <Filter Include="ソース ファイル\game\component\draw\plane">
      <UniqueIdentifier>{6951cf06-0473-4ccb-bf4d-23c4071ccc4d}</UniqueIdentifier>
    </Filter>
    <Filter Include="ソース ファイル\game\scene\modeserect_scene">
      <UniqueIdentifier>{b352e7d9-109c-4378-b7f4-4233a4e47a60}</UniqueIdentifier>
    </Filter>
    <Filter Include="ソース ファイル\game\manager\create">
      <UniqueIdentifier>{21f3cac3-81a1-464e-ae6c-3989065955bc}</UniqueIdentifier>
    </Filter>
    <Filter Include="ソース ファイル\game\component\map">
      <UniqueIdentifier>{aa88d103-ade6-4fe1-bde8-a784052cc36e}</UniqueIdentifier>
    </Filter>
    <Filter Include="ソース ファイル\game\component\map\move">
      <UniqueIdentifier>{6f1d6f85-8aed-4762-88cd-ff581a3096aa}</UniqueIdentifier>
    </Filter>
    <Filter Include="ソース ファイル\game\component\map\pos">
      <UniqueIdentifier>{11bbcd2d-9c79-4e45-909b-0cfe5fccdb72}</UniqueIdentifier>
    </Filter>
    <Filter Include="ソース ファイル\game\state\gamemode">
      <UniqueIdentifier>{823ae023-0e14-4516-aa2c-6e2ec9af314a}</UniqueIdentifier>
    </Filter>
    <Filter Include="ソース ファイル\game\state\gamemode\endless">
      <UniqueIdentifier>{0a6c9c43-99f5-4353-9bcf-2f9e3f22058f}</UniqueIdentifier>
    </Filter>
    <Filter Include="ソース ファイル\game\state\gamemode\puzzle">
      <UniqueIdentifier>{ba6e7a26-f45f-4123-a0ed-c0f8c9617daf}</UniqueIdentifier>
    </Filter>
    <Filter Include="ソース ファイル\game\state\gamemode\select">
      <UniqueIdentifier>{7ef47c5d-2491-41a6-90a0-ed335fa13329}</UniqueIdentifier>
    </Filter>
    <Filter Include="ソース ファイル\game\scene\stagecreate_scene">
      <UniqueIdentifier>{d2f7b879-cb6b-4c3a-bf64-8a6d72bc317f}</UniqueIdentifier>
    </Filter>
  </ItemGroup>
  <ItemGroup>
    <ClCompile Include="source\game.cpp">
      <Filter>ソース ファイル</Filter>
    </ClCompile>
    <ClCompile Include="source\WinMain.cpp">
      <Filter>ソース ファイル</Filter>
    </ClCompile>
    <ClCompile Include="source\system\model\assimpscene.cpp">
      <Filter>ソース ファイル\system\model</Filter>
    </ClCompile>
    <ClCompile Include="source\system\windows\CWindow.cpp">
      <Filter>ソース ファイル\system\windows</Filter>
    </ClCompile>
    <ClCompile Include="source\system\windows\CWindowCallback.cpp">
      <Filter>ソース ファイル\system\windows</Filter>
    </ClCompile>
    <ClCompile Include="source\system\imgui\imgui.cpp">
      <Filter>ソース ファイル\system\imgui</Filter>
    </ClCompile>
    <ClCompile Include="source\system\imgui\imgui_demo.cpp">
      <Filter>ソース ファイル\system\imgui</Filter>
    </ClCompile>
    <ClCompile Include="source\system\imgui\imgui_draw.cpp">
      <Filter>ソース ファイル\system\imgui</Filter>
    </ClCompile>
    <ClCompile Include="source\system\imgui\imgui_impl_dx11.cpp">
      <Filter>ソース ファイル\system\imgui</Filter>
    </ClCompile>
    <ClCompile Include="source\system\imgui\imgui_impl_win32.cpp">
      <Filter>ソース ファイル\system\imgui</Filter>
    </ClCompile>
    <ClCompile Include="source\system\imgui\imgui_tables.cpp">
      <Filter>ソース ファイル\system\imgui</Filter>
    </ClCompile>
    <ClCompile Include="source\system\imgui\imgui_widgets.cpp">
      <Filter>ソース ファイル\system\imgui</Filter>
    </ClCompile>
    <ClCompile Include="source\system\model\ModelData.cpp">
      <Filter>ソース ファイル\system\model</Filter>
    </ClCompile>
    <ClCompile Include="source\system\model\ModelMgr.cpp">
      <Filter>ソース ファイル\system\model</Filter>
    </ClCompile>
    <ClCompile Include="source\system\model\Mesh.cpp">
      <Filter>ソース ファイル\system\model</Filter>
    </ClCompile>
    <ClCompile Include="source\system\model\utftosjisconv.cpp">
      <Filter>ソース ファイル\system\model</Filter>
    </ClCompile>
    <ClCompile Include="source\system\dx11\WICTextureLoader.cpp">
      <Filter>ソース ファイル\system\model</Filter>
    </ClCompile>
    <ClCompile Include="source\system\model\CModel.cpp">
      <Filter>ソース ファイル\system\model</Filter>
    </ClCompile>
    <ClCompile Include="source\system\dx11\DDSTextureLoader.cpp">
      <Filter>ソース ファイル\system\model</Filter>
    </ClCompile>
    <ClCompile Include="source\system\imgui\util\myimgui.cpp">
      <Filter>ソース ファイル\system\imgui</Filter>
    </ClCompile>
    <ClCompile Include="source\system\util\StopWatch.cpp">
      <Filter>ソース ファイル\system\util</Filter>
    </ClCompile>
    <ClCompile Include="source\system\util\time.cpp">
      <Filter>ソース ファイル\system\util</Filter>
    </ClCompile>
    <ClCompile Include="source\system\util\BoundingSphere.cpp">
      <Filter>ソース ファイル\system\util</Filter>
    </ClCompile>
    <ClCompile Include="source\system\util\CBillboard.cpp">
      <Filter>ソース ファイル\system\billboard</Filter>
    </ClCompile>
    <ClCompile Include="source\system\util\drawaxis.cpp">
      <Filter>ソース ファイル\system\util</Filter>
    </ClCompile>
    <ClCompile Include="source\system\util\2dsystem.cpp">
      <Filter>ソース ファイル\system\util</Filter>
    </ClCompile>
    <ClCompile Include="source\system\util\Sphere.cpp">
      <Filter>ソース ファイル\system\util</Filter>
    </ClCompile>
    <ClCompile Include="source\system\util\XAudio2.cpp">
      <Filter>ソース ファイル\system\util</Filter>
    </ClCompile>
    <ClCompile Include="source\game\gameobject\skydome.cpp">
      <Filter>ソース ファイル\game\gameobject\skydome</Filter>
    </ClCompile>
    <ClCompile Include="source\game\gameobject\player.cpp">
      <Filter>ソース ファイル\game\gameobject\player</Filter>
    </ClCompile>
    <ClCompile Include="source\game\scene\title_scene.cpp">
      <Filter>ソース ファイル\game\scene\title</Filter>
    </ClCompile>
    <ClCompile Include="source\system\util\vector.cpp">
      <Filter>ソース ファイル\system\util</Filter>
    </ClCompile>
    <ClCompile Include="source\system\dx11\dx11mathutil.cpp">
      <Filter>ソース ファイル\system\dx11\util</Filter>
    </ClCompile>
    <ClCompile Include="source\system\dx11\DX11util.cpp">
      <Filter>ソース ファイル\system\dx11\util</Filter>
    </ClCompile>
    <ClCompile Include="source\system\util\texture_manager.cpp">
      <Filter>ソース ファイル\system\texture</Filter>
    </ClCompile>
    <ClCompile Include="source\game\gameobject\dice.cpp">
      <Filter>ソース ファイル\game\gameobject\dice</Filter>
    </ClCompile>
    <ClCompile Include="source\game\gameobject\gameobject.cpp">
      <Filter>ソース ファイル\game\gameobject\util</Filter>
    </ClCompile>
    <ClCompile Include="source\game\gameobject\transform.cpp">
      <Filter>ソース ファイル\game\gameobject\util</Filter>
    </ClCompile>
    <ClCompile Include="source\system\util\quad2d.cpp">
      <Filter>ソース ファイル\system\texture</Filter>
    </ClCompile>
    <ClCompile Include="source\game\scene\scene_base.cpp">
      <Filter>ソース ファイル\game\scene</Filter>
    </ClCompile>
    <ClCompile Include="source\game\gameobject\primitive.cpp">
      <Filter>ソース ファイル\game\gameobject\util</Filter>
    </ClCompile>
    <ClCompile Include="source\game\component\component_base.cpp">
      <Filter>ソース ファイル\game\component</Filter>
    </ClCompile>
    <ClCompile Include="source\game\component\model_component.cpp">
      <Filter>ソース ファイル\game\component\draw\model</Filter>
    </ClCompile>
    <ClCompile Include="source\game\component\collision_component.cpp">
      <Filter>ソース ファイル\game\component\collision</Filter>
    </ClCompile>
    <ClCompile Include="source\system\util\line.cpp">
      <Filter>ソース ファイル\system\util</Filter>
    </ClCompile>
    <ClCompile Include="source\game\component\qube.cpp">
      <Filter>ソース ファイル\game\gameobject\util</Filter>
    </ClCompile>
    <ClCompile Include="source\game\scene\maingame_scene.cpp">
      <Filter>ソース ファイル\game\scene\maingame</Filter>
    </ClCompile>
    <ClCompile Include="source\game\manager\collision_manager.cpp">
      <Filter>ソース ファイル\game\manager\collision</Filter>
    </ClCompile>
    <ClCompile Include="source\game\manager\dice_manager.cpp">
      <Filter>ソース ファイル\game\manager\dice</Filter>
    </ClCompile>
    <ClCompile Include="source\game\manager\stagedata_manager.cpp">
      <Filter>ソース ファイル\game\manager\stage</Filter>
    </ClCompile>
    <ClCompile Include="source\game\manager\SelectManager.cpp">
      <Filter>ソース ファイル\game\manager\not used</Filter>
    </ClCompile>
    <ClCompile Include="source\game\gameobject\stage.cpp">
      <Filter>ソース ファイル\game\gameobject\stage</Filter>
    </ClCompile>
    <ClCompile Include="source\game\manager\game_manager.cpp">
      <Filter>ソース ファイル\game\manager\game</Filter>
    </ClCompile>
    <ClCompile Include="source\game\scene\stagecreate_scene.cpp">
      <Filter>ソース ファイル\game\scene\stagecreate_scene</Filter>
    </ClCompile>
    <ClCompile Include="source\game\data\saveload.cpp">
      <Filter>ソース ファイル\game\data</Filter>
    </ClCompile>
    <ClCompile Include="source\system\dx11\CDirectXGraphics.cpp">
      <Filter>ソース ファイル\system\dx11\util</Filter>
    </ClCompile>
    <ClCompile Include="source\application.cpp">
      <Filter>ソース ファイル\system\texture</Filter>
    </ClCompile>
    <ClCompile Include="source\game\component\player_controller.cpp">
      <Filter>ソース ファイル\game\component\controller</Filter>
    </ClCompile>
    <ClCompile Include="source\game\state\player_state_base.cpp">
      <Filter>ソース ファイル\game\state\player</Filter>
    </ClCompile>
    <ClCompile Include="source\game\state\player_state_move.cpp">
      <Filter>ソース ファイル\game\state\player\move</Filter>
    </ClCompile>
    <ClCompile Include="source\game\state\player_state_push.cpp">
      <Filter>ソース ファイル\game\state\player\push</Filter>
    </ClCompile>
    <ClCompile Include="source\game\state\player_state_roll.cpp">
      <Filter>ソース ファイル\game\state\player\roll</Filter>
    </ClCompile>
    <ClCompile Include="source\game\state\dice_state.cpp">
      <Filter>ソース ファイル\game\state\dice</Filter>
    </ClCompile>
    <ClCompile Include="source\game\component\billbord_component.cpp">
      <Filter>ソース ファイル\game\component\draw\billbord</Filter>
    </ClCompile>
    <ClCompile Include="source\game\component\quad2d_component.cpp">
      <Filter>ソース ファイル\game\component\draw\quad2d</Filter>
    </ClCompile>
    <ClCompile Include="source\game\gameobject\ui_button.cpp">
      <Filter>ソース ファイル\game\gameobject\ui\button</Filter>
    </ClCompile>
    <ClCompile Include="source\game\gameobject\ui_image.cpp">
      <Filter>ソース ファイル\game\gameobject\ui\image</Filter>
    </ClCompile>
    <ClCompile Include="source\game\gameobject\effect_thunder.cpp">
      <Filter>ソース ファイル\game\gameobject\effect</Filter>
    </ClCompile>
    <ClCompile Include="source\system\util\easing.cpp">
      <Filter>ソース ファイル\system\util</Filter>
    </ClCompile>
    <ClCompile Include="source\game\component\ui_layout.cpp">
      <Filter>ソース ファイル\game\component\ui\layout</Filter>
    </ClCompile>
    <ClCompile Include="source\game\gameobject\pause_endless.cpp">
      <Filter>ソース ファイル\game\gameobject\ui\pause\endless</Filter>
    </ClCompile>
    <ClCompile Include="source\game\gameobject\pause_puzzle.cpp">
      <Filter>ソース ファイル\game\gameobject\ui\pause\puzzle</Filter>
    </ClCompile>
    <ClCompile Include="source\game\component\animation2d_component.cpp">
      <Filter>ソース ファイル\game\component\ui\animation</Filter>
    </ClCompile>
    <ClCompile Include="source\game\gameobject\effect_fruit.cpp">
      <Filter>ソース ファイル\game\gameobject\effect</Filter>
    </ClCompile>
    <ClCompile Include="source\game\manager\input_manager.cpp">
      <Filter>ソース ファイル\game\manager\input</Filter>
    </ClCompile>
    <ClCompile Include="source\system\util\controller_input.cpp">
      <Filter>ソース ファイル\system\util</Filter>
    </ClCompile>
    <ClCompile Include="source\game\manager\scene_manager.cpp">
      <Filter>ソース ファイル\game\manager\scene</Filter>
    </ClCompile>
    <ClCompile Include="source\system\dx11\shader.cpp">
      <Filter>ソース ファイル\system\dx11</Filter>
    </ClCompile>
    <ClCompile Include="source\game\gameobject\fade_screen.cpp">
      <Filter>ソース ファイル\game\gameobject\ui\fade</Filter>
    </ClCompile>
    <ClCompile Include="source\game\component\easing_component.cpp">
      <Filter>ソース ファイル\game\component\ui\easing</Filter>
    </ClCompile>
    <ClCompile Include="source\game\gameobject\access_dice_manager.cpp">
      <Filter>ソース ファイル\game\gameobject\access</Filter>
    </ClCompile>
    <ClCompile Include="source\game\manager\draw_manager.cpp">
      <Filter>ソース ファイル\game\manager\draw</Filter>
    </ClCompile>
    <ClCompile Include="source\game\component\draw_component_base.cpp">
      <Filter>ソース ファイル\game\component\draw</Filter>
    </ClCompile>
    <ClCompile Include="source\game\component\plane.cpp">
      <Filter>ソース ファイル\game\component\draw\plane</Filter>
    </ClCompile>
    <ClCompile Include="source\game\gameobject\camera.cpp">
      <Filter>ソース ファイル\game\gameobject\camera</Filter>
    </ClCompile>
    <ClCompile Include="source\game\scene\modeselect_scene.cpp">
      <Filter>ソース ファイル\game\scene\modeserect_scene</Filter>
    </ClCompile>
    <ClCompile Include="source\game\component\map_move_component.cpp">
      <Filter>ソース ファイル\game\component\map\move</Filter>
    </ClCompile>
    <ClCompile Include="source\game\component\map_pos_component.cpp">
      <Filter>ソース ファイル\game\component\map\pos</Filter>
    </ClCompile>
    <ClCompile Include="source\game\gameobject\access_dice_create_manager.cpp">
      <Filter>ソース ファイル\game\gameobject\access</Filter>
    </ClCompile>
    <ClCompile Include="source\game\state\gamemode_controller.cpp">
      <Filter>ソース ファイル\game\state\gamemode</Filter>
    </ClCompile>
    <ClCompile Include="source\game\state\gamemode_state_endless.cpp">
      <Filter>ソース ファイル\game\state\gamemode\endless</Filter>
    </ClCompile>
    <ClCompile Include="source\game\state\gamemode_state_puzzle.cpp">
      <Filter>ソース ファイル\game\state\gamemode\puzzle</Filter>
    </ClCompile>
    <ClCompile Include="source\game\state\gamemode_state_select.cpp">
      <Filter>ソース ファイル\game\state\gamemode\select</Filter>
    </ClCompile>
    <ClCompile Include="source\game\gameobject\access_camera_eye.cpp">
      <Filter>ソース ファイル\game\gameobject\access</Filter>
    </ClCompile>
    <ClCompile Include="source\game\gameobject\access_camera_lookat.cpp">
      <Filter>ソース ファイル\game\gameobject\access</Filter>
    </ClCompile>
  </ItemGroup>
  <ItemGroup>
    <ClInclude Include="source\system\model\assimpscene.h">
      <Filter>ソース ファイル\system\model</Filter>
    </ClInclude>
    <ClInclude Include="source\system\windows\CWindow.h">
      <Filter>ソース ファイル\system\windows</Filter>
    </ClInclude>
    <ClInclude Include="source\system\windows\CWindowCallback.h">
      <Filter>ソース ファイル\system\windows</Filter>
    </ClInclude>
    <ClInclude Include="source\system\imgui\imconfig.h">
      <Filter>ソース ファイル\system\imgui</Filter>
    </ClInclude>
    <ClInclude Include="source\system\imgui\imgui.h">
      <Filter>ソース ファイル\system\imgui</Filter>
    </ClInclude>
    <ClInclude Include="source\system\imgui\imgui_impl_dx11.h">
      <Filter>ソース ファイル\system\imgui</Filter>
    </ClInclude>
    <ClInclude Include="source\system\imgui\imgui_impl_win32.h">
      <Filter>ソース ファイル\system\imgui</Filter>
    </ClInclude>
    <ClInclude Include="source\system\imgui\imgui_internal.h">
      <Filter>ソース ファイル\system\imgui</Filter>
    </ClInclude>
    <ClInclude Include="source\system\imgui\imstb_rectpack.h">
      <Filter>ソース ファイル\system\imgui</Filter>
    </ClInclude>
    <ClInclude Include="source\system\imgui\imstb_textedit.h">
      <Filter>ソース ファイル\system\imgui</Filter>
    </ClInclude>
    <ClInclude Include="source\system\imgui\imstb_truetype.h">
      <Filter>ソース ファイル\system\imgui</Filter>
    </ClInclude>
    <ClInclude Include="source\system\dx11\DX11Settransform.h">
      <Filter>ソース ファイル\system\dx11</Filter>
    </ClInclude>
    <ClInclude Include="source\system\dx11\CDirectxGraphics.h">
      <Filter>ソース ファイル\system\dx11</Filter>
    </ClInclude>
    <ClInclude Include="source\system\dx11\CDirectInput.h">
      <Filter>ソース ファイル\system\dx11</Filter>
    </ClInclude>
    <ClInclude Include="source\system\model\ModelData.h">
      <Filter>ソース ファイル\system\model</Filter>
    </ClInclude>
    <ClInclude Include="source\system\model\ModelMgr.h">
      <Filter>ソース ファイル\system\model</Filter>
    </ClInclude>
    <ClInclude Include="source\system\model\Mesh.h">
      <Filter>ソース ファイル\system\model</Filter>
    </ClInclude>
    <ClInclude Include="source\system\model\utftosjisconv.h">
      <Filter>ソース ファイル\system\model</Filter>
    </ClInclude>
    <ClInclude Include="source\system\model\vertexproto.h">
      <Filter>ソース ファイル\system\model</Filter>
    </ClInclude>
    <ClInclude Include="source\system\model\CModel.h">
      <Filter>ソース ファイル\system\model</Filter>
    </ClInclude>
    <ClInclude Include="source\system\imgui\util\myimgui.h">
      <Filter>ソース ファイル\system\imgui</Filter>
    </ClInclude>
    <ClInclude Include="source\system\util\StopWatch.h">
      <Filter>ソース ファイル\system\util</Filter>
    </ClInclude>
    <ClInclude Include="source\system\util\time.h">
      <Filter>ソース ファイル\system\util</Filter>
    </ClInclude>
    <ClInclude Include="source\system\util\uncopyable.h">
      <Filter>ソース ファイル\system\util</Filter>
    </ClInclude>
    <ClInclude Include="source\system\util\BoundingSphere.h">
      <Filter>ソース ファイル\system\util</Filter>
    </ClInclude>
    <ClInclude Include="source\system\util\CBillboard.h">
      <Filter>ソース ファイル\system\billboard</Filter>
    </ClInclude>
    <ClInclude Include="source\system\util\drawaxis.h">
      <Filter>ソース ファイル\system\util</Filter>
    </ClInclude>
    <ClInclude Include="source\system\util\2dsystem.h">
      <Filter>ソース ファイル\system\util</Filter>
    </ClInclude>
    <ClInclude Include="source\system\util\Sphere.h">
      <Filter>ソース ファイル\system\util</Filter>
    </ClInclude>
    <ClInclude Include="source\system\util\XAudio2.h">
      <Filter>ソース ファイル\system\util</Filter>
    </ClInclude>
    <ClInclude Include="source\game\gameobject\skydome.h">
      <Filter>ソース ファイル\game\gameobject\skydome</Filter>
    </ClInclude>
    <ClInclude Include="source\system\util\shaderhashmap.h">
      <Filter>ソース ファイル\system\util</Filter>
    </ClInclude>
    <ClInclude Include="source\system\util\line.h">
      <Filter>ソース ファイル\system\util</Filter>
    </ClInclude>
    <ClInclude Include="source\game.h">
      <Filter>ヘッダー ファイル</Filter>
    </ClInclude>
    <ClInclude Include="source\macro.h">
      <Filter>ヘッダー ファイル</Filter>
    </ClInclude>
    <ClInclude Include="source\Memory.h">
      <Filter>ヘッダー ファイル</Filter>
    </ClInclude>
    <ClInclude Include="source\system\util\resource.h">
      <Filter>ソース ファイル\system\util</Filter>
    </ClInclude>
    <ClInclude Include="source\game\gameobject\player.h">
      <Filter>ソース ファイル\game\gameobject\player</Filter>
    </ClInclude>
    <ClInclude Include="source\game\scene\title_scene.h">
      <Filter>ソース ファイル\game\scene\title</Filter>
    </ClInclude>
    <ClInclude Include="source\game\gameobject\gameobject_utility.h">
      <Filter>ソース ファイル\game\gameobject\util</Filter>
    </ClInclude>
    <ClInclude Include="source\system\util\vector.h">
      <Filter>ソース ファイル\system\util</Filter>
    </ClInclude>
    <ClInclude Include="source\system\dx11\DX11util.h">
      <Filter>ソース ファイル\system\dx11\util</Filter>
    </ClInclude>
    <ClInclude Include="source\system\dx11\dx11mathutil.h">
      <Filter>ソース ファイル\system\dx11\util</Filter>
    </ClInclude>
    <ClInclude Include="source\system\util\dixsmartptr.h">
      <Filter>ソース ファイル\system\util</Filter>
    </ClInclude>
    <ClInclude Include="source\system\util\texture_manager.h">
      <Filter>ソース ファイル\system\texture</Filter>
    </ClInclude>
    <ClInclude Include="source\game\gameobject\dice.h">
      <Filter>ソース ファイル\game\gameobject\dice</Filter>
    </ClInclude>
    <ClInclude Include="source\game\gameobject\CLight.h">
      <Filter>ソース ファイル\game\gameobject\util</Filter>
    </ClInclude>
    <ClInclude Include="source\game\gameobject\gameobject.h">
      <Filter>ソース ファイル\game\gameobject\util</Filter>
    </ClInclude>
    <ClInclude Include="source\game\gameobject\transform.h">
      <Filter>ソース ファイル\game\gameobject\util</Filter>
    </ClInclude>
    <ClInclude Include="source\system\util\quad2d.h">
      <Filter>ソース ファイル\system\texture</Filter>
    </ClInclude>
    <ClInclude Include="source\game\scene\scene_base.h">
      <Filter>ソース ファイル\game\scene</Filter>
    </ClInclude>
    <ClInclude Include="source\game\gameobject\primitive.h">
      <Filter>ソース ファイル\game\gameobject\util</Filter>
    </ClInclude>
    <ClInclude Include="source\game\component\component_base.h">
      <Filter>ソース ファイル\game\component</Filter>
    </ClInclude>
    <ClInclude Include="source\game\component\model_component.h">
      <Filter>ソース ファイル\game\component\draw\model</Filter>
    </ClInclude>
    <ClInclude Include="source\game\component\collision_component.h">
      <Filter>ソース ファイル\game\component\collision</Filter>
    </ClInclude>
    <ClInclude Include="source\game\component\qube.h">
      <Filter>ソース ファイル\game\gameobject\util</Filter>
    </ClInclude>
    <ClInclude Include="source\game\scene\maingame_scene.h">
      <Filter>ソース ファイル\game\scene\maingame</Filter>
    </ClInclude>
    <ClInclude Include="source\game\component\allcomponents.h">
      <Filter>ソース ファイル\game\component</Filter>
    </ClInclude>
    <ClInclude Include="source\game\manager\collision_manager.h">
      <Filter>ソース ファイル\game\manager\collision</Filter>
    </ClInclude>
    <ClInclude Include="source\game\manager\dice_manager.h">
      <Filter>ソース ファイル\game\manager\dice</Filter>
    </ClInclude>
    <ClInclude Include="source\game\manager\stagedata_manager.h">
      <Filter>ソース ファイル\game\manager\stage</Filter>
    </ClInclude>
    <ClInclude Include="source\game\manager\IGameManager.h">
      <Filter>ソース ファイル\game\manager\not used</Filter>
    </ClInclude>
    <ClInclude Include="source\game\manager\SelectManager.h">
      <Filter>ソース ファイル\game\manager\not used</Filter>
    </ClInclude>
    <ClInclude Include="source\application.h">
      <Filter>ヘッダー ファイル</Filter>
    </ClInclude>
    <ClInclude Include="source\game\gameobject\stage.h">
      <Filter>ソース ファイル\game\gameobject\stage</Filter>
    </ClInclude>
    <ClInclude Include="source\game\manager\game_manager.h">
      <Filter>ソース ファイル\game\manager\game</Filter>
    </ClInclude>
    <ClInclude Include="source\game\scene\stagecreate_scene.h">
      <Filter>ソース ファイル\game\scene\stagecreate_scene</Filter>
    </ClInclude>
    <ClInclude Include="source\game\data\saveload.h">
      <Filter>ソース ファイル\game\data</Filter>
    </ClInclude>
    <ClInclude Include="source\system\util\easing.h">
      <Filter>ソース ファイル\system\util</Filter>
    </ClInclude>
    <ClInclude Include="source\game\component\player_controller.h">
      <Filter>ソース ファイル\game\component\controller</Filter>
    </ClInclude>
    <ClInclude Include="source\game\state\allplayerstate.h">
      <Filter>ソース ファイル\game\state\player</Filter>
    </ClInclude>
    <ClInclude Include="source\game\state\state_base.h">
      <Filter>ソース ファイル\game\state</Filter>
    </ClInclude>
    <ClInclude Include="source\game\state\player_state_base.h">
      <Filter>ソース ファイル\game\state\player</Filter>
    </ClInclude>
    <ClInclude Include="source\game\state\player_state_move.h">
      <Filter>ソース ファイル\game\state\player\move</Filter>
    </ClInclude>
    <ClInclude Include="source\game\state\player_state_push.h">
      <Filter>ソース ファイル\game\state\player\push</Filter>
    </ClInclude>
    <ClInclude Include="source\game\state\player_state_roll.h">
      <Filter>ソース ファイル\game\state\player\roll</Filter>
    </ClInclude>
    <ClInclude Include="source\game\state\dice_state.h">
      <Filter>ソース ファイル\game\state\dice</Filter>
    </ClInclude>
    <ClInclude Include="source\game\component\billbord_component.h">
      <Filter>ソース ファイル\game\component\draw\billbord</Filter>
    </ClInclude>
    <ClInclude Include="source\game\component\quad2d_component.h">
      <Filter>ソース ファイル\game\component\draw\quad2d</Filter>
    </ClInclude>
    <ClInclude Include="source\game\gameobject\ui_button.h">
      <Filter>ソース ファイル\game\gameobject\ui\button</Filter>
    </ClInclude>
    <ClInclude Include="source\game\gameobject\ui_image.h">
      <Filter>ソース ファイル\game\gameobject\ui\image</Filter>
    </ClInclude>
    <ClInclude Include="source\game\gameobject\effect_thunder.h">
      <Filter>ソース ファイル\game\gameobject\effect</Filter>
    </ClInclude>
    <ClInclude Include="source\game\component\ui_layout.h">
      <Filter>ソース ファイル\game\component\ui\layout</Filter>
    </ClInclude>
    <ClInclude Include="source\game\gameobject\pause_endless.h">
      <Filter>ソース ファイル\game\gameobject\ui\pause\endless</Filter>
    </ClInclude>
    <ClInclude Include="source\game\gameobject\pause_puzzle.h">
      <Filter>ソース ファイル\game\gameobject\ui\pause\puzzle</Filter>
    </ClInclude>
    <ClInclude Include="source\game\component\animation2d_component.h">
      <Filter>ソース ファイル\game\component\ui\animation</Filter>
    </ClInclude>
    <ClInclude Include="source\game\gameobject\effect_fruit.h">
      <Filter>ソース ファイル\game\gameobject\effect</Filter>
    </ClInclude>
    <ClInclude Include="source\game\gameobject\effect_util.h">
      <Filter>ソース ファイル\game\gameobject\effect</Filter>
    </ClInclude>
    <ClInclude Include="source\game\manager\input_manager.h">
      <Filter>ソース ファイル\game\manager\input</Filter>
    </ClInclude>
    <ClInclude Include="source\system\util\controller_input.h">
      <Filter>ソース ファイル\system\util</Filter>
    </ClInclude>
    <ClInclude Include="source\game\manager\scene_manager.h">
      <Filter>ソース ファイル\game\manager\scene</Filter>
    </ClInclude>
    <ClInclude Include="source\game\manager\input_utility.h">
      <Filter>ソース ファイル\game\manager\input</Filter>
    </ClInclude>
    <ClInclude Include="source\system\dx11\shader.h">
      <Filter>ソース ファイル\system\dx11</Filter>
    </ClInclude>
    <ClInclude Include="source\game\gameobject\fade_screen.h">
      <Filter>ソース ファイル\game\gameobject\ui\fade</Filter>
    </ClInclude>
    <ClInclude Include="source\game\component\easing_component.h">
      <Filter>ソース ファイル\game\component\ui\easing</Filter>
    </ClInclude>
    <ClInclude Include="source\game\gameobject\access_dice_manager.h">
      <Filter>ソース ファイル\game\gameobject\access</Filter>
    </ClInclude>
    <ClInclude Include="source\game\manager\draw_manager.h">
      <Filter>ソース ファイル\game\manager\draw</Filter>
    </ClInclude>
    <ClInclude Include="source\game\component\draw_component_base.h">
      <Filter>ソース ファイル\game\component\draw</Filter>
    </ClInclude>
    <ClInclude Include="source\game\component\plane.h">
      <Filter>ソース ファイル\game\component\draw\plane</Filter>
    </ClInclude>
    <ClInclude Include="source\game\gameobject\camera.h">
      <Filter>ソース ファイル\game\gameobject\camera</Filter>
    </ClInclude>
    <ClInclude Include="source\game\scene\modeselect_scene.h">
      <Filter>ソース ファイル\game\scene\modeserect_scene</Filter>
    </ClInclude>
    <ClInclude Include="source\game\data\stage_data.h">
      <Filter>ソース ファイル\game\data</Filter>
    </ClInclude>
    <ClInclude Include="source\game\component\map_move_component.h">
      <Filter>ソース ファイル\game\component\map\move</Filter>
    </ClInclude>
    <ClInclude Include="source\game\component\map_pos_component.h">
      <Filter>ソース ファイル\game\component\map\pos</Filter>
    </ClInclude>
    <ClInclude Include="source\game\gameobject\access_dice_create_manager.h">
      <Filter>ソース ファイル\game\gameobject\access</Filter>
    </ClInclude>
    <ClInclude Include="source\game\state\gamemode_controller.h">
      <Filter>ソース ファイル\game\state\gamemode</Filter>
    </ClInclude>
    <ClInclude Include="source\game\state\gamemode_state_base.h">
      <Filter>ソース ファイル\game\state\gamemode</Filter>
    </ClInclude>
    <ClInclude Include="source\game\state\gamemode_state_endless.h">
      <Filter>ソース ファイル\game\state\gamemode\endless</Filter>
    </ClInclude>
    <ClInclude Include="source\game\state\gamemode_state_puzzle.h">
      <Filter>ソース ファイル\game\state\gamemode\puzzle</Filter>
    </ClInclude>
    <ClInclude Include="source\game\state\gamemode_state_select.h">
      <Filter>ソース ファイル\game\state\gamemode\select</Filter>
    </ClInclude>
    <ClInclude Include="source\game\gameobject\access_camera_eye.h">
      <Filter>ソース ファイル\game\gameobject\access</Filter>
    </ClInclude>
    <ClInclude Include="source\game\gameobject\access_camera_lookat.h">
      <Filter>ソース ファイル\game\gameobject\access</Filter>
    </ClInclude>
  </ItemGroup>
</Project>